
Microsoft Visual Studio Solution File, Format Version 11.00
# Visual Studio 2010
Project("{FAE04EC0-301F-11D3-BF4B-00C04F79EFBC}") = "Assembly-CSharp", "Assembly-CSharp.csproj", "{e269d345-ca07-3345-51e4-28cc43fa80de}"
EndProject
Project("{FAE04EC0-301F-11D3-BF4B-00C04F79EFBC}") = "Assembly-CSharp-Editor", "Assembly-CSharp-Editor.csproj", "{cc5a920a-86bc-19b6-480a-82bbc6d98c82}"
EndProject
Global
	GlobalSection(SolutionConfigurationPlatforms) = preSolution
		Debug|Any CPU = Debug|Any CPU
		Release|Any CPU = Release|Any CPU
	EndGlobalSection
	GlobalSection(ProjectConfigurationPlatforms) = postSolution
		{e269d345-ca07-3345-51e4-28cc43fa80de}.Debug|Any CPU.ActiveCfg = Debug|Any CPU
		{e269d345-ca07-3345-51e4-28cc43fa80de}.Debug|Any CPU.Build.0 = Debug|Any CPU
		{e269d345-ca07-3345-51e4-28cc43fa80de}.Release|Any CPU.ActiveCfg = Release|Any CPU
		{e269d345-ca07-3345-51e4-28cc43fa80de}.Release|Any CPU.Build.0 = Release|Any CPU
		{cc5a920a-86bc-19b6-480a-82bbc6d98c82}.Debug|Any CPU.ActiveCfg = Debug|Any CPU
		{cc5a920a-86bc-19b6-480a-82bbc6d98c82}.Debug|Any CPU.Build.0 = Debug|Any CPU
		{cc5a920a-86bc-19b6-480a-82bbc6d98c82}.Release|Any CPU.ActiveCfg = Release|Any CPU
		{cc5a920a-86bc-19b6-480a-82bbc6d98c82}.Release|Any CPU.Build.0 = Release|Any CPU
	EndGlobalSection
	GlobalSection(SolutionProperties) = preSolution
		HideSolutionNode = FALSE
	EndGlobalSection
EndGlobal
